
Microsoft Visual Studio Solution File, Format Version 12.00
# Visual Studio Version 16
VisualStudioVersion = 16.0.31229.75
MinimumVisualStudioVersion = 10.0.40219.1
Project("{FAE04EC0-301F-11D3-BF4B-00C04F79EFBC}") = "MostriVsEroi", "MostriVsEroi\MostriVsEroi.csproj", "{316E5AD2-BC3F-413E-8958-43C9599F0F92}"
EndProject
Project("{FAE04EC0-301F-11D3-BF4B-00C04F79EFBC}") = "MostriVsEroi.View", "MostriVsEroi.View\MostriVsEroi.View.csproj", "{96B76922-EEFD-4F20-B561-FDFB02FBDDE2}"
EndProject
Project("{FAE04EC0-301F-11D3-BF4B-00C04F79EFBC}") = "MostriVsEroi.SchermataServices", "MostriVsEroi.SchermataServices\MostriVsEroi.SchermataServices.csproj", "{16D02FE2-C03F-453A-AA29-841F000A58CC}"
EndProject
Project("{FAE04EC0-301F-11D3-BF4B-00C04F79EFBC}") = "MostriVsEroi.Modelli", "MostriVsEroi.Modelli\MostriVsEroi.Modelli.csproj", "{6C93F9EA-B7DD-4E73-B1C3-202E16E1A25A}"
EndProject
Global
	GlobalSection(SolutionConfigurationPlatforms) = preSolution
		Debug|Any CPU = Debug|Any CPU
		Release|Any CPU = Release|Any CPU
	EndGlobalSection
	GlobalSection(ProjectConfigurationPlatforms) = postSolution
		{316E5AD2-BC3F-413E-8958-43C9599F0F92}.Debug|Any CPU.ActiveCfg = Debug|Any CPU
		{316E5AD2-BC3F-413E-8958-43C9599F0F92}.Debug|Any CPU.Build.0 = Debug|Any CPU
		{316E5AD2-BC3F-413E-8958-43C9599F0F92}.Release|Any CPU.ActiveCfg = Release|Any CPU
		{316E5AD2-BC3F-413E-8958-43C9599F0F92}.Release|Any CPU.Build.0 = Release|Any CPU
		{96B76922-EEFD-4F20-B561-FDFB02FBDDE2}.Debug|Any CPU.ActiveCfg = Debug|Any CPU
		{96B76922-EEFD-4F20-B561-FDFB02FBDDE2}.Debug|Any CPU.Build.0 = Debug|Any CPU
		{96B76922-EEFD-4F20-B561-FDFB02FBDDE2}.Release|Any CPU.ActiveCfg = Release|Any CPU
		{96B76922-EEFD-4F20-B561-FDFB02FBDDE2}.Release|Any CPU.Build.0 = Release|Any CPU
		{16D02FE2-C03F-453A-AA29-841F000A58CC}.Debug|Any CPU.ActiveCfg = Debug|Any CPU
		{16D02FE2-C03F-453A-AA29-841F000A58CC}.Debug|Any CPU.Build.0 = Debug|Any CPU
		{16D02FE2-C03F-453A-AA29-841F000A58CC}.Release|Any CPU.ActiveCfg = Release|Any CPU
		{16D02FE2-C03F-453A-AA29-841F000A58CC}.Release|Any CPU.Build.0 = Release|Any CPU
		{6C93F9EA-B7DD-4E73-B1C3-202E16E1A25A}.Debug|Any CPU.ActiveCfg = Debug|Any CPU
		{6C93F9EA-B7DD-4E73-B1C3-202E16E1A25A}.Debug|Any CPU.Build.0 = Debug|Any CPU
		{6C93F9EA-B7DD-4E73-B1C3-202E16E1A25A}.Release|Any CPU.ActiveCfg = Release|Any CPU
		{6C93F9EA-B7DD-4E73-B1C3-202E16E1A25A}.Release|Any CPU.Build.0 = Release|Any CPU
	EndGlobalSection
	GlobalSection(SolutionProperties) = preSolution
		HideSolutionNode = FALSE
	EndGlobalSection
	GlobalSection(ExtensibilityGlobals) = postSolution
		SolutionGuid = {79331401-3DF6-45F3-8D58-04621985F754}
	EndGlobalSection
EndGlobal
